{
  "object": {
    "pins": [
      {
        "package": "AudioKit",
        "repositoryURL": "https://github.com/AudioKit/AudioKit",
        "state": {
          "branch": "v5-develop",
          "revision": "4dbf06581302656d5ff13c1fc536ebd88a5a38d5",
          "version": null
        }
      }
    ]
  },
  "version": 1
}
